{
  "name": "murder-mystery-gm",
  "lockfileVersion": 3,
  "requires": true,
  "packages": {
    "backend": {
      "name": "murder-mystery-gm-backend",
      "version": "0.1.0",
      "extraneous": true,
      "dependencies": {
        "cors": "^2.8.5",
        "dotenv": "^16.4.5",
        "express": "^4.19.2",
        "nanoid": "^5.0.7",
        "socket.io": "^4.7.5",
        "socket.io-client": "^4.8.3"
      },
      "devDependencies": {
        "nodemon": "^3.1.4"
      }
    },
    "frontend": {
      "name": "murder-mystery-gm-frontend",
      "version": "0.1.0",
      "extraneous": true,
      "dependencies": {
        "framer-motion": "^12.42.2",
        "lucide-react": "^1.24.0",
        "react": "^18.3.1",
        "react-dom": "^18.3.1",
        "simple-peer": "^9.11.1",
        "socket.io-client": "^4.7.5"
      },
      "devDependencies": {
        "@vitejs/plugin-react": "^4.3.1",
        "autoprefixer": "^10.4.19",
        "postcss": "^8.4.40",
        "tailwindcss": "^3.4.7",
        "vite": "^5.3.4"
      }
    }
  }
}
